
Microsoft Visual Studio Solution File, Format Version 12.00
# Visual Studio Version 16
VisualStudioVersion = 16.0.29025.244
MinimumVisualStudioVersion = 10.0.40219.1
Project("{FAE04EC0-301F-11D3-BF4B-00C04F79EFBC}") = "Entity_Framework_Partials", "Entity_Framework_Partials\Entity_Framework_Partials.csproj", "{C5C568D1-82EE-4103-A306-81E13F0AF204}"
EndProject
Global
	GlobalSection(SolutionConfigurationPlatforms) = preSolution
		Debug|Any CPU = Debug|Any CPU
		Release|Any CPU = Release|Any CPU
	EndGlobalSection
	GlobalSection(ProjectConfigurationPlatforms) = postSolution
		{C5C568D1-82EE-4103-A306-81E13F0AF204}.Debug|Any CPU.ActiveCfg = Debug|Any CPU
		{C5C568D1-82EE-4103-A306-81E13F0AF204}.Debug|Any CPU.Build.0 = Debug|Any CPU
		{C5C568D1-82EE-4103-A306-81E13F0AF204}.Release|Any CPU.ActiveCfg = Release|Any CPU
		{C5C568D1-82EE-4103-A306-81E13F0AF204}.Release|Any CPU.Build.0 = Release|Any CPU
	EndGlobalSection
	GlobalSection(SolutionProperties) = preSolution
		HideSolutionNode = FALSE
	EndGlobalSection
	GlobalSection(ExtensibilityGlobals) = postSolution
		SolutionGuid = {172FACF9-D93B-41EE-A085-40AFC43AD967}
	EndGlobalSection
EndGlobal
